{
  "requires": true,
  "lockfileVersion": 1,
  "dependencies": {
    "ng2-nouislider": {
      "version": "1.8.2",
      "resolved": "https://registry.npmjs.org/ng2-nouislider/-/ng2-nouislider-1.8.2.tgz",
      "integrity": "sha512-apCpRxwX/3VapLuPozZkUfM3HAE1unuCm2UdRMDvAHbbY6CLobaZcsWUYQ6b02VzxccyV4G1z0xsq2un8J2Lqw=="
    }
  }
}
